{
  "meteor": {},
  "dependencies": {
    "basePackages": {
      "bootstrap-3": {},
      "iron-router": {
        "version": "0.7.1"
      },
      "knockout-client": {
        "version": "0.0.2"
      },
      "collection-hooks": {},
      "googlemaps": {},
      "collectionFS": {},
      "spin": {},
      "bootstrap3-wysihtml5": {},
      "jquery-color-animation": {
        "version": "1.6.0"
      },
      "select2": {},
      "connect": {},
      "xml2js": {},
      "npm": {},
      "moment": {},
      "percolatestudio-migrations": {},
      "kadira": {},
      "GAnalytics": {},
      "ms-seo": {},
      "mail-listener2": {}
    },
    "packages": {
      "bootstrap-3": {
        "git": "https://github.com/mangasocial/meteor-bootstrap-3.git",
        "tag": "v3.2.0-1",
        "commit": "17a63902fc6cf1096c5289d963c66cf28b474727"
      },
      "iron-router": {
        "git": "https://github.com/EventedMind/iron-router.git",
        "tag": "v0.7.1",
        "commit": "d1ffb3f06ea4c112132b030f2eb1a70b81675ecb"
      },
      "knockout-client": {
        "git": "https://github.com/zhouzhuojie/knockout-client.git",
        "tag": "v0.0.2",
        "commit": "550e9293ab933573db8661c780839ba056f3d883"
      },
      "collection-hooks": {
        "git": "https://github.com/matb33/meteor-collection-hooks.git",
        "tag": "v0.7.2",
        "commit": "261f61f07b371ae913463fba8964a9b93cab531b"
      },
      "googlemaps": {
        "git": "https://github.com/drewjw81/meteor-googlemaps.git",
        "tag": "v0.0.2",
        "commit": "da8785c82cfd7de0111f898ef10728e7ed24e361"
      },
      "collectionFS": {
        "git": "https://github.com/CollectionFS/Meteor-CollectionFS.git",
        "tag": "v0.4.8",
        "commit": "fea890b1e27799ccc9f71046748fb23a84330a16"
      },
      "spin": {
        "git": "https://github.com/SachaG/meteor-spin.git",
        "tag": "v0.2.2",
        "commit": "3f655f0016228e4195acc784c45d3e3a247dc39f"
      },
      "bootstrap3-wysihtml5": {
        "git": "https://github.com/andreioprisan/meteor-bootstrap3-wysihtml5.git",
        "tag": "v0.3.3",
        "commit": "251d564c3eb5b5b7a89a3e3e63f58633e0816332"
      },
      "jquery-color-animation": {
        "git": "https://github.com/jonjamz/meteor-jquery-color-animation.git",
        "tag": "v1.6.0",
        "commit": "1999252f73e0d93067a44f46d476539922152e2e"
      },
      "select2": {
        "git": "https://github.com/nate-strauser/meteor-select2.git",
        "tag": "v3.4.5",
        "commit": "4a8d05582b949a14f0ee217c185166abbf112822"
      },
      "connect": {
        "git": "https://github.com/peerlibrary/meteor-connect.git",
        "tag": "v2.22.0-1",
        "commit": "457bac2c04060a62fc444b72904963c123c811d7"
      },
      "xml2js": {
        "git": "https://github.com/peerlibrary/meteor-xml2js.git",
        "tag": "v0.4.4-1",
        "commit": "e437621620bf1821f3388f8949c8d5408f38d1fb"
      },
      "npm": {
        "git": "https://github.com/arunoda/meteor-npm.git",
        "tag": "v0.2.6",
        "commit": "177ab6118de5bf8cffb19481343d5762ff7a2aaf"
      },
      "moment": {
        "git": "https://github.com/acreeger/meteor-moment.git",
        "tag": "v2.6.0",
        "commit": "26156df681750fd6e6ed77043eef32b6653ebbdf"
      },
      "percolatestudio-migrations": {
        "git": "https://github.com/percolatestudio/meteor-migrations.git",
        "tag": "v0.6.0",
        "commit": "baa77d4c121f6f06b6aa142ee11f71ace8795f7f"
      },
      "kadira": {
        "git": "https://github.com/meteorhacks/kadira.git",
        "tag": "v2.4.8",
        "commit": "5f4437af113537def34484c7b7a2a5e4d60847a9"
      },
      "GAnalytics": {
        "git": "https://github.com/datariot/meteor-ganalytics.git",
        "tag": "v0.2.0",
        "commit": "2d5e48d5cc4c2f88edd40c0b2341d378bd4a702b"
      },
      "ms-seo": {
        "git": "https://github.com/DerMambo/ms-seo",
        "tag": "v0.2.6",
        "commit": "1a4ba31a1f6f29009d3941e9dd883829ff4e4b8b"
      },
      "mail-listener2": {
        "git": "https://github.com/aroman/meteor-mail-listener2.git",
        "tag": "v0.1.3",
        "commit": "aac08e3b79c4adc0f2615db9047ddd49bae14533"
      },
      "blaze-layout": {
        "git": "https://github.com/EventedMind/blaze-layout.git",
        "tag": "v0.2.4",
        "commit": "b40e9b0612329288d75cf52ad14a7da64bb8618f"
      },
      "cfs-base-package": {
        "git": "https://github.com/CollectionFS/Meteor-cfs-base-package.git",
        "tag": "v0.0.23",
        "commit": "82bc49b4b8f66572b5551098e674e3a3b6c42ea3"
      },
      "cfs-file": {
        "git": "https://github.com/CollectionFS/Meteor-cfs-file.git",
        "tag": "v0.1.7",
        "commit": "9fb8dcb9afd25c9f737497e102e266a2c81e481b"
      },
      "cfs-collection": {
        "git": "https://github.com/CollectionFS/Meteor-cfs-collection.git",
        "tag": "v0.4.10",
        "commit": "62029f88f1cb4969e8338aa1cfaf34a8f167fa0e"
      },
      "cfs-collection-filters": {
        "git": "https://github.com/CollectionFS/Meteor-cfs-collection-filters.git",
        "tag": "v0.1.1",
        "commit": "447134421887fcf20bd78c88d8c0913256f76db1"
      },
      "cfs-access-point": {
        "git": "https://github.com/CollectionFS/Meteor-cfs-access-point.git",
        "tag": "v0.0.31",
        "commit": "e2ccc9cdcfdf1a26d40acaeff3f3a6b5324e1ef6"
      },
      "cfs-worker": {
        "git": "https://github.com/CollectionFS/Meteor-cfs-worker.git",
        "tag": "v0.0.16",
        "commit": "172abbf679a9c9ce65d5cac7b51f23967aff94f7"
      },
      "cfs-upload-http": {
        "git": "https://github.com/CollectionFS/Meteor-cfs-upload-http.git",
        "tag": "v0.0.12",
        "commit": "774bf581e0f3da269dc842672ed6c2da09fd2bdf"
      },
      "blocking": {
        "git": "https://github.com/peerlibrary/meteor-blocking.git",
        "tag": "v0.4.1",
        "commit": "512354e9721d931c7884b56fbb3b419d060ae8da"
      },
      "cfs-filesaver": {
        "git": "https://github.com/CollectionFS/Meteor-cfs-filesaver.git",
        "tag": "v0.0.3",
        "commit": "29cd7ae4dab138aa5e3792485945e742c46fc330"
      },
      "cfs-storage-adapter": {
        "git": "https://github.com/CollectionFS/Meteor-cfs-storage-adapter.git",
        "tag": "v0.0.28",
        "commit": "8e0513815501d79b3d531a64f80717b4e9a34a42"
      },
      "http-methods": {
        "git": "https://github.com/CollectionFS/Meteor-http-methods.git",
        "tag": "v0.0.22",
        "commit": "5b0f7723f49436b8a0a930f284ed05f0b26021fe"
      },
      "numeral": {
        "git": "https://github.com/vsivsi/meteor-numeral.git",
        "tag": "v1.5.3",
        "commit": "bdc97fc69bee7dadae1fc0f97fa6d9d76a03e73d"
      },
      "data-man": {
        "git": "https://github.com/CollectionFS/Meteor-data-man.git",
        "branch": "master",
        "commit": "b929af5d64113c23480d4e2432bef836346d0b46"
      },
      "cfs-upload-ddp": {
        "git": "https://github.com/CollectionFS/Meteor-cfs-upload-ddp.git",
        "tag": "v0.0.10",
        "commit": "17caf4f38462017c9545d2187020a7f4596e8c4f"
      },
      "cfs-tempstore": {
        "git": "https://github.com/CollectionFS/Meteor-cfs-tempstore.git",
        "tag": "v0.0.27",
        "commit": "d8fe0422b2767391738ab537bf6749395e4030a0"
      },
      "emitter": {
        "git": "https://github.com/Meteor-Reaction/meteor-emitter.git",
        "tag": "v0.1.0",
        "commit": "849a91bbe4e1e0636f49fa2e5141e74ed5137a27"
      },
      "http-publish": {
        "git": "https://github.com/CollectionFS/Meteor-http-publish.git",
        "tag": "v0.0.10",
        "commit": "f308999d074a3c4c056a88c431be04cead93228b"
      },
      "cfs-gridfs": {
        "git": "https://github.com/CollectionFS/Meteor-cfs-gridfs.git",
        "tag": "v0.0.22",
        "commit": "2d008d4594e55d07006674b25a7e9cf8d25a3917"
      },
      "power-queue": {
        "git": "https://github.com/CollectionFS/Meteor-power-queue.git",
        "tag": "v0.9.9",
        "commit": "567d3905784a8be6aacfbb69d477003ba9b5c4b5"
      },
      "reactive-list": {
        "git": "https://github.com/CollectionFS/Meteor-reactive-list.git",
        "tag": "v0.0.7",
        "commit": "5855e3795947145b20a331250113ce927060445b"
      },
      "cfs-graphicsmagick": {
        "git": "https://github.com/CollectionFS/Meteor-cfs-graphicsmagick.git",
        "tag": "v0.0.14",
        "commit": "a9178346f25b0556f1470c7b8e97925ab5f534a9"
      },
      "cfs-ejson-file": {
        "git": "https://github.com/CollectionFS/Meteor-cfs-ejson-file.git",
        "tag": "v0.0.7",
        "commit": "aa80b46e73f3c9dcfec75106d1078b56be475bd7"
      },
      "cfs-filesystem": {
        "git": "https://github.com/CollectionFS/Meteor-cfs-filesystem.git",
        "tag": "v0.0.26",
        "commit": "1ec938265d937d81ff1323f2a8c8dbd301b233df"
      },
      "reactive-property": {
        "git": "https://github.com/CollectionFS/Meteor-reactive-property.git",
        "tag": "v0.0.1",
        "commit": "f742b8656bb88fafff2a9c3a32ff1f97b3ebf2f7"
      },
      "micro-queue": {
        "git": "https://github.com/CollectionFS/Meteor-micro-queue.git",
        "tag": "v0.0.3",
        "commit": "70266ce2c273a12c5af17b5c056253936caabb01"
      }
    }
  }
}
