{
  "meteor": {},
  "dependencies": {
    "basePackages": {
      "bootstrap-3": {},
      "iron-router": {},
      "knockout-client": {},
      "accounts-ui-bootstrap-3": {},
      "collection-hooks": {},
      "iron-router-progress": {},
      "googlemaps": {},
      "collectionFS": {},
      "imagemagick": {},
      "spin": {},
      "bootstrap3-wysihtml5": {}
    },
    "packages": {
      "bootstrap-3": {
        "git": "https://github.com/mangasocial/meteor-bootstrap-3.git",
        "tag": "v3.1.1-1",
        "commit": "63dd38968828bb8963636df93e9a1c45e2dfe67e"
      },
      "iron-router": {
        "git": "https://github.com/EventedMind/iron-router.git",
        "tag": "v0.6.4",
        "commit": "927bbaed1b87894fb6fb70807f74ff3a5bd89f29"
      },
      "knockout-client": {
        "git": "https://github.com/zhouzhuojie/knockout-client.git",
        "tag": "v0.0.2",
        "commit": "550e9293ab933573db8661c780839ba056f3d883"
      },
      "accounts-ui-bootstrap-3": {
        "git": "https://github.com/mangasocial/meteor-accounts-ui-bootstrap-3.git",
        "tag": "v0.2.6",
        "commit": "f3ee0ef6bc506314e19585550b4f9f5620c4ada6"
      },
      "collection-hooks": {
        "git": "https://github.com/matb33/meteor-collection-hooks.git",
        "tag": "v0.6.2",
        "commit": "29484b2110206be93b01c6d11ce06ec9208de7bd"
      },
      "iron-router-progress": {
        "git": "https://github.com/Multiply/iron-router-progress.git",
        "tag": "v0.2.0",
        "commit": "ce730d1d26feadb7c75ea25f22c5bfdb0c549a8b"
      },
      "googlemaps": {
        "git": "https://github.com/drewjw81/meteor-googlemaps.git",
        "tag": "v0.0.2",
        "commit": "da8785c82cfd7de0111f898ef10728e7ed24e361"
},
      "collectionFS": {
        "git": "https://github.com/raix/Meteor-CollectionFS.git",
        "tag": "v0.3.7",
        "commit": "34d9fb363472e44c6dba4a1473a9e106e107f5a9"
      },
      "imagemagick": {
        "git": "https://github.com/sylvaingi/meteor-imagemagick.git",
        "tag": "v0.1.2",
        "commit": "d67bb926356d35cdff1a6d6c3c69750f3f54c059"
      },
      "spin": {
        "git": "https://github.com/SachaG/meteor-spin.git",
        "tag": "v0.2.2",
        "commit": "3f655f0016228e4195acc784c45d3e3a247dc39f"
      },
      "bootstrap3-wysihtml5": {
        "git": "https://github.com/andreioprisan/meteor-bootstrap3-wysihtml5.git",
        "tag": "v0.3.3",
        "commit": "251d564c3eb5b5b7a89a3e3e63f58633e0816332"
      },
      "cfs-public-folder": {
        "git": "https://github.com/nooitaf/meteor-cfs-public-folder.git",
        "tag": "v0.0.3",
        "commit": "581c716424b374efb6f611110002621f9cc9212b"
      }
    }
  }
}
