{
  "dependencies": {
    "git-rev": {
      "version": "0.2.1"
    },
    "iconv-lite": {
      "version": "0.4.7"
    },
    "imagemagick": {
      "version": "0.1.3"
    },
    "pdfkit": {
      "version": "0.7.0",
      "dependencies": {
        "png-js": {
          "version": "0.1.1"
        },
        "linebreak": {
          "version": "0.1.2",
          "dependencies": {
            "unicode-trie": {
              "version": "0.1.2"
            }
          }
        }
      }
    },
    "shortid": {
      "version": "2.0.0"
    }
  }
}
